{
  "nodes": {
    "nixpkgs": {
      "locked": {
        "lastModified": 1732134777,
        "narHash": "sha256-1wZiAgQ9KWX3Vf17ROwFAbC9mQiu4ZJnCHT6jA7E1bI=",
        "owner": "nixos",
        "repo": "nixpkgs",
        "rev": "a92d51097a9e20e8d28c3951a49d4408ac4f3c41",
        "type": "github"
      },
      "original": {
        "owner": "nixos",
        "ref": "master",
        "repo": "nixpkgs",
        "type": "github"
      }
    },
    "root": {
      "inputs": {
        "nixpkgs": "nixpkgs"
      }
    }
  },
  "root": "root",
  "version": 7
}
