{
  "nodes": {
    "nixpkgs": {
      "locked": {
        "lastModified": 1721282377,
        "narHash": "sha256-Y4RU+BcSbEjOy9ceEqB/CudtxsE6XqXUozP1RmvXC+c=",
        "owner": "nixos",
        "repo": "nixpkgs",
        "rev": "49f3d5c9173f77b3cd4ae44e3677c5715b96b8fb",
        "type": "github"
      },
      "original": {
        "owner": "nixos",
        "ref": "master",
        "repo": "nixpkgs",
        "type": "github"
      }
    },
    "root": {
      "inputs": {
        "nixpkgs": "nixpkgs"
      }
    }
  },
  "root": "root",
  "version": 7
}
